
Microsoft Visual Studio Solution File, Format Version 12.00
# Visual Studio Version 16
VisualStudioVersion = 16.0.30503.244
MinimumVisualStudioVersion = 10.0.40219.1
Project("{FAE04EC0-301F-11D3-BF4B-00C04F79EFBC}") = "MvcRepoCrud.Web", "MvcRepoCrud.Web\MvcRepoCrud.Web.csproj", "{DA9FDE06-7271-45AB-BEBB-19D41B0A9DC7}"
EndProject
Project("{FAE04EC0-301F-11D3-BF4B-00C04F79EFBC}") = "MvcRepoCrud.Services", "MvcRepoCrud.Services\MvcRepoCrud.Services.csproj", "{B18B7852-AD5A-442B-B71B-23182C35DB2C}"
EndProject
Project("{FAE04EC0-301F-11D3-BF4B-00C04F79EFBC}") = "MvcRepoCrud.Entities", "MvcRepoCrud.Entities\MvcRepoCrud.Entities.csproj", "{D70FB8E7-4EDD-4FB8-B9E7-ACFE58858940}"
EndProject
Project("{FAE04EC0-301F-11D3-BF4B-00C04F79EFBC}") = "MvcRepoCrud.Database", "MvcRepoCrud.Database\MvcRepoCrud.Database.csproj", "{733B6EBF-AB25-453A-ADED-2E3DA9D60FBC}"
EndProject
Global
	GlobalSection(SolutionConfigurationPlatforms) = preSolution
		Debug|Any CPU = Debug|Any CPU
		Release|Any CPU = Release|Any CPU
	EndGlobalSection
	GlobalSection(ProjectConfigurationPlatforms) = postSolution
		{DA9FDE06-7271-45AB-BEBB-19D41B0A9DC7}.Debug|Any CPU.ActiveCfg = Debug|Any CPU
		{DA9FDE06-7271-45AB-BEBB-19D41B0A9DC7}.Debug|Any CPU.Build.0 = Debug|Any CPU
		{DA9FDE06-7271-45AB-BEBB-19D41B0A9DC7}.Release|Any CPU.ActiveCfg = Release|Any CPU
		{DA9FDE06-7271-45AB-BEBB-19D41B0A9DC7}.Release|Any CPU.Build.0 = Release|Any CPU
		{B18B7852-AD5A-442B-B71B-23182C35DB2C}.Debug|Any CPU.ActiveCfg = Debug|Any CPU
		{B18B7852-AD5A-442B-B71B-23182C35DB2C}.Debug|Any CPU.Build.0 = Debug|Any CPU
		{B18B7852-AD5A-442B-B71B-23182C35DB2C}.Release|Any CPU.ActiveCfg = Release|Any CPU
		{B18B7852-AD5A-442B-B71B-23182C35DB2C}.Release|Any CPU.Build.0 = Release|Any CPU
		{D70FB8E7-4EDD-4FB8-B9E7-ACFE58858940}.Debug|Any CPU.ActiveCfg = Debug|Any CPU
		{D70FB8E7-4EDD-4FB8-B9E7-ACFE58858940}.Debug|Any CPU.Build.0 = Debug|Any CPU
		{D70FB8E7-4EDD-4FB8-B9E7-ACFE58858940}.Release|Any CPU.ActiveCfg = Release|Any CPU
		{D70FB8E7-4EDD-4FB8-B9E7-ACFE58858940}.Release|Any CPU.Build.0 = Release|Any CPU
		{733B6EBF-AB25-453A-ADED-2E3DA9D60FBC}.Debug|Any CPU.ActiveCfg = Debug|Any CPU
		{733B6EBF-AB25-453A-ADED-2E3DA9D60FBC}.Debug|Any CPU.Build.0 = Debug|Any CPU
		{733B6EBF-AB25-453A-ADED-2E3DA9D60FBC}.Release|Any CPU.ActiveCfg = Release|Any CPU
		{733B6EBF-AB25-453A-ADED-2E3DA9D60FBC}.Release|Any CPU.Build.0 = Release|Any CPU
	EndGlobalSection
	GlobalSection(SolutionProperties) = preSolution
		HideSolutionNode = FALSE
	EndGlobalSection
	GlobalSection(ExtensibilityGlobals) = postSolution
		SolutionGuid = {FB3FD678-39B1-42C4-83C7-A549CD7778BE}
	EndGlobalSection
EndGlobal
